
Microsoft Visual Studio Solution File, Format Version 12.00
# Visual Studio Version 16
VisualStudioVersion = 16.0.34031.81
MinimumVisualStudioVersion = 10.0.40219.1
Project("{FAE04EC0-301F-11D3-BF4B-00C04F79EFBC}") = "TpCalculette", "TpCalculette.csproj", "{6691C5F6-433C-4E7B-8333-F443A26391AF}"
EndProject
Global
	GlobalSection(SolutionConfigurationPlatforms) = preSolution
		Debug|Any CPU = Debug|Any CPU
		Release|Any CPU = Release|Any CPU
	EndGlobalSection
	GlobalSection(ProjectConfigurationPlatforms) = postSolution
		{6691C5F6-433C-4E7B-8333-F443A26391AF}.Debug|Any CPU.ActiveCfg = Debug|Any CPU
		{6691C5F6-433C-4E7B-8333-F443A26391AF}.Debug|Any CPU.Build.0 = Debug|Any CPU
		{6691C5F6-433C-4E7B-8333-F443A26391AF}.Release|Any CPU.ActiveCfg = Release|Any CPU
		{6691C5F6-433C-4E7B-8333-F443A26391AF}.Release|Any CPU.Build.0 = Release|Any CPU
	EndGlobalSection
	GlobalSection(SolutionProperties) = preSolution
		HideSolutionNode = FALSE
	EndGlobalSection
	GlobalSection(ExtensibilityGlobals) = postSolution
		SolutionGuid = {A92265C6-D4E0-4C70-B34E-D7D0630E768F}
	EndGlobalSection
EndGlobal
